
Microsoft Visual Studio Solution File, Format Version 12.00
# Visual Studio Version 16
VisualStudioVersion = 16.0.28803.156
MinimumVisualStudioVersion = 10.0.40219.1
Project("{F184B08F-C81C-45F6-A57F-5ABD9991F28F}") = "LoveVendingMachine", "LoveVendingMachine\LoveVendingMachine.vbproj", "{290F7C40-069C-413C-B9E2-425BAD2AF279}"
EndProject
Global
	GlobalSection(SolutionConfigurationPlatforms) = preSolution
		Debug|Any CPU = Debug|Any CPU
		Release|Any CPU = Release|Any CPU
	EndGlobalSection
	GlobalSection(ProjectConfigurationPlatforms) = postSolution
		{290F7C40-069C-413C-B9E2-425BAD2AF279}.Debug|Any CPU.ActiveCfg = Debug|Any CPU
		{290F7C40-069C-413C-B9E2-425BAD2AF279}.Debug|Any CPU.Build.0 = Debug|Any CPU
		{290F7C40-069C-413C-B9E2-425BAD2AF279}.Release|Any CPU.ActiveCfg = Release|Any CPU
		{290F7C40-069C-413C-B9E2-425BAD2AF279}.Release|Any CPU.Build.0 = Release|Any CPU
	EndGlobalSection
	GlobalSection(SolutionProperties) = preSolution
		HideSolutionNode = FALSE
	EndGlobalSection
	GlobalSection(ExtensibilityGlobals) = postSolution
		SolutionGuid = {4AB18B28-96A5-4909-B663-91B2414E42AD}
	EndGlobalSection
EndGlobal
